// !$*UTF8*$!
{
	archiveVersion = 1;
	classes = {
	};
	objectVersion = 46;
	objects = {

/* Begin PBXBuildFile section */
		D22120BC1B144DED00A73841 /* main.c in Sources */ = {isa = PBXBuildFile; fileRef = D22120BB1B144DED00A73841 /* main.c */; };
/* End PBXBuildFile section */

/* Begin PBXCopyFilesBuildPhase section */
		D22120B61B144DEC00A73841 /* CopyFiles */ = {
			isa = PBXCopyFilesBuildPhase;
			buildActionMask = 2147483647;
			dstPath = /usr/share/man/man1/;
			dstSubfolderSpec = 0;
			files = (
			);
			runOnlyForDeploymentPostprocessing = 1;
		};
/* End PBXCopyFilesBuildPhase section */

/* Begin PBXFileReference section */
		D22120B81B144DED00A73841 /* FirstNonRepeativCharacter */ = {isa = PBXFileReference; explicitFileType = "compiled.mach-o.executable"; includeInIndex = 0; path = FirstNonRepeativCharacter; sourceTree = BUILT_PRODUCTS_DIR; };
		D22120BB1B144DED00A73841 /* main.c */ = {isa = PBXFileReference; lastKnownFileType = sourcecode.c.c; path = main.c; sourceTree = "<group>"; };
/* End PBXFileReference section */

/* Begin PBXFrameworksBuildPhase section */
		D22120B51B144DEC00A73841 /* Frameworks */ = {
			isa = PBXFrameworksBuildPhase;
			buildActionMask = 2147483647;
			files = (
			);
			runOnlyForDeploymentPostprocessing = 0;
		};
/* End PBXFrameworksBuildPhase section */

/* Begin PBXGroup section */
		D22120AF1B144DEC00A73841 = {
			isa = PBXGroup;
			children = (
				D22120BA1B144DED00A73841 /* FirstNonRepeativCharacter */,
				D22120B91B144DED00A73841 /* Products */,
			);
			sourceTree = "<group>";
		};
		D22120B91B144DED00A73841 /* Products */ = {
			isa = PBXGroup;
			children = (
				D22120B81B144DED00A73841 /* FirstNonRepeativCharacter */,
			);
			name = Products;
			sourceTree = "<group>";
		};
		D22120BA1B144DED00A73841 /* FirstNonRepeativCharacter */ = {
			isa = PBXGroup;
			children = (
				D22120BB1B144DED00A73841 /* main.c */,
			);
			path = FirstNonRepeativCharacter;
			sourceTree = "<group>";
		};
/* End PBXGroup section */

/* Begin PBXNativeTarget section */
		D22120B71B144DEC00A73841 /* FirstNonRepeativCharacter */ = {
			isa = PBXNativeTarget;
			buildConfigurationList = D22120BF1B144DED00A73841 /* Build configuration list for PBXNativeTarget "FirstNonRepeativCharacter" */;
			buildPhases = (
				D22120B41B144DEC00A73841 /* Sources */,
				D22120B51B144DEC00A73841 /* Frameworks */,
				D22120B61B144DEC00A73841 /* CopyFiles */,
			);
			buildRules = (
			);
			dependencies = (
			);
			name = FirstNonRepeativCharacter;
			productName = FirstNonRepeativCharacter;
			productReference = D22120B81B144DED00A73841 /* FirstNonRepeativCharacter */;
			productType = "com.apple.product-type.tool";
		};
/* End PBXNativeTarget section */

/* Begin PBXProject section */
		D22120B01B144DEC00A73841 /* Project object */ = {
			isa = PBXProject;
			attributes = {
				LastUpgradeCheck = 0610;
				ORGANIZATIONNAME = GeeksForGeek;
				TargetAttributes = {
					D22120B71B144DEC00A73841 = {
						CreatedOnToolsVersion = 6.1;
					};
				};
			};
			buildConfigurationList = D22120B31B144DEC00A73841 /* Build configuration list for PBXProject "FirstNonRepeativCharacter" */;
			compatibilityVersion = "Xcode 3.2";
			developmentRegion = English;
			hasScannedForEncodings = 0;
			knownRegions = (
				en,
			);
			mainGroup = D22120AF1B144DEC00A73841;
			productRefGroup = D22120B91B144DED00A73841 /* Products */;
			projectDirPath = "";
			projectRoot = "";
			targets = (
				D22120B71B144DEC00A73841 /* FirstNonRepeativCharacter */,
			);
		};
/* End PBXProject section */

/* Begin PBXSourcesBuildPhase section */
		D22120B41B144DEC00A73841 /* Sources */ = {
			isa = PBXSourcesBuildPhase;
			buildActionMask = 2147483647;
			files = (
				D22120BC1B144DED00A73841 /* main.c in Sources */,
			);
			runOnlyForDeploymentPostprocessing = 0;
		};
/* End PBXSourcesBuildPhase section */

/* Begin XCBuildConfiguration section */
		D22120BD1B144DED00A73841 /* Debug */ = {
			isa = XCBuildConfiguration;
			buildSettings = {
				ALWAYS_SEARCH_USER_PATHS = NO;
				CLANG_CXX_LANGUAGE_STANDARD = "gnu++0x";
				CLANG_CXX_LIBRARY = "libc++";
				CLANG_ENABLE_MODULES = YES;
				CLANG_ENABLE_OBJC_ARC = YES;
				CLANG_WARN_BOOL_CONVERSION = YES;
				CLANG_WARN_CONSTANT_CONVERSION = YES;
				CLANG_WARN_DIRECT_OBJC_ISA_USAGE = YES_ERROR;
				CLANG_WARN_EMPTY_BODY = YES;
				CLANG_WARN_ENUM_CONVERSION = YES;
				CLANG_WARN_INT_CONVERSION = YES;
				CLANG_WARN_OBJC_ROOT_CLASS = YES_ERROR;
				CLANG_WARN_UNREACHABLE_CODE = YES;
				CLANG_WARN__DUPLICATE_METHOD_MATCH = YES;
				COPY_PHASE_STRIP = NO;
				ENABLE_STRICT_OBJC_MSGSEND = YES;
				GCC_C_LANGUAGE_STANDARD = gnu99;
				GCC_DYNAMIC_NO_PIC = NO;
				GCC_OPTIMIZATION_LEVEL = 0;
				GCC_PREPROCESSOR_DEFINITIONS = (
					"DEBUG=1",
					"$(inherited)",
				);
				GCC_SYMBOLS_PRIVATE_EXTERN = NO;
				GCC_WARN_64_TO_32_BIT_CONVERSION = YES;
				GCC_WARN_ABOUT_RETURN_TYPE = YES_ERROR;
				GCC_WARN_UNDECLARED_SELECTOR = YES;
				GCC_WARN_UNINITIALIZED_AUTOS = YES_AGGRESSIVE;
				GCC_WARN_UNUSED_FUNCTION = YES;
				GCC_WARN_UNUSED_VARIABLE = YES;
				MACOSX_DEPLOYMENT_TARGET = 10.10;
				MTL_ENABLE_DEBUG_INFO = YES;
				ONLY_ACTIVE_ARCH = YES;
				SDKROOT = macosx;
			};
			name = Debug;
		};
		D22120BE1B144DED00A73841 /* Release */ = {
			isa = XCBuildConfiguration;
			buildSettings = {
				ALWAYS_SEARCH_USER_PATHS = NO;
				CLANG_CXX_LANGUAGE_STANDARD = "gnu++0x";
				CLANG_CXX_LIBRARY = "libc++";
				CLANG_ENABLE_MODULES = YES;
				CLANG_ENABLE_OBJC_ARC = YES;
				CLANG_WARN_BOOL_CONVERSION = YES;
				CLANG_WARN_CONSTANT_CONVERSION = YES;
				CLANG_WARN_DIRECT_OBJC_ISA_USAGE = YES_ERROR;
				CLANG_WARN_EMPTY_BODY = YES;
				CLANG_WARN_ENUM_CONVERSION = YES;
				CLANG_WARN_INT_CONVERSION = YES;
				CLANG_WARN_OBJC_ROOT_CLASS = YES_ERROR;
				CLANG_WARN_UNREACHABLE_CODE = YES;
				CLANG_WARN__DUPLICATE_METHOD_MATCH = YES;
				COPY_PHASE_STRIP = YES;
				DEBUG_INFORMATION_FORMAT = "dwarf-with-dsym";
				ENABLE_NS_ASSERTIONS = NO;
				ENABLE_STRICT_OBJC_MSGSEND = YES;
				GCC_C_LANGUAGE_STANDARD = gnu99;
				GCC_WARN_64_TO_32_BIT_CONVERSION = YES;
				GCC_WARN_ABOUT_RETURN_TYPE = YES_ERROR;
				GCC_WARN_UNDECLARED_SELECTOR = YES;
				GCC_WARN_UNINITIALIZED_AUTOS = YES_AGGRESSIVE;
				GCC_WARN_UNUSED_FUNCTION = YES;
				GCC_WARN_UNUSED_VARIABLE = YES;
				MACOSX_DEPLOYMENT_TARGET = 10.10;
				MTL_ENABLE_DEBUG_INFO = NO;
				SDKROOT = macosx;
			};
			name = Release;
		};
		D22120C01B144DED00A73841 /* Debug */ = {
			isa = XCBuildConfiguration;
			buildSettings = {
				PRODUCT_NAME = "$(TARGET_NAME)";
			};
			name = Debug;
		};
		D22120C11B144DED00A73841 /* Release */ = {
			isa = XCBuildConfiguration;
			buildSettings = {
				PRODUCT_NAME = "$(TARGET_NAME)";
			};
			name = Release;
		};
/* End XCBuildConfiguration section */

/* Begin XCConfigurationList section */
		D22120B31B144DEC00A73841 /* Build configuration list for PBXProject "FirstNonRepeativCharacter" */ = {
			isa = XCConfigurationList;
			buildConfigurations = (
				D22120BD1B144DED00A73841 /* Debug */,
				D22120BE1B144DED00A73841 /* Release */,
			);
			defaultConfigurationIsVisible = 0;
			defaultConfigurationName = Release;
		};
		D22120BF1B144DED00A73841 /* Build configuration list for PBXNativeTarget "FirstNonRepeativCharacter" */ = {
			isa = XCConfigurationList;
			buildConfigurations = (
				D22120C01B144DED00A73841 /* Debug */,
				D22120C11B144DED00A73841 /* Release */,
			);
			defaultConfigurationIsVisible = 0;
		};
/* End XCConfigurationList section */
	};
	rootObject = D22120B01B144DEC00A73841 /* Project object */;
}
